
Microsoft Visual Studio Solution File, Format Version 12.00
# Visual Studio Version 16
VisualStudioVersion = 16.0.28922.388
MinimumVisualStudioVersion = 10.0.40219.1
Project("{FAE04EC0-301F-11D3-BF4B-00C04F79EFBC}") = "puzzle", "puzzle\puzzle.csproj", "{2EC90F71-7D98-49F3-A38C-787C8F4A80FC}"
EndProject
Global
	GlobalSection(SolutionConfigurationPlatforms) = preSolution
		Debug|Any CPU = Debug|Any CPU
		Release|Any CPU = Release|Any CPU
	EndGlobalSection
	GlobalSection(ProjectConfigurationPlatforms) = postSolution
		{2EC90F71-7D98-49F3-A38C-787C8F4A80FC}.Debug|Any CPU.ActiveCfg = Debug|Any CPU
		{2EC90F71-7D98-49F3-A38C-787C8F4A80FC}.Debug|Any CPU.Build.0 = Debug|Any CPU
		{2EC90F71-7D98-49F3-A38C-787C8F4A80FC}.Release|Any CPU.ActiveCfg = Release|Any CPU
		{2EC90F71-7D98-49F3-A38C-787C8F4A80FC}.Release|Any CPU.Build.0 = Release|Any CPU
	EndGlobalSection
	GlobalSection(SolutionProperties) = preSolution
		HideSolutionNode = FALSE
	EndGlobalSection
	GlobalSection(ExtensibilityGlobals) = postSolution
		SolutionGuid = {54922A18-69DA-4752-A1DB-35D3C84EBB51}
	EndGlobalSection
EndGlobal
